
Microsoft Visual Studio Solution File, Format Version 12.00
# Visual Studio Version 17
VisualStudioVersion = 17.11.35312.102
MinimumVisualStudioVersion = 10.0.40219.1
Project("{FAE04EC0-301F-11D3-BF4B-00C04F79EFBC}") = "KolejneZadanie", "KolejneZadanie\KolejneZadanie.csproj", "{000BC981-DD2C-4C30-8697-01DDC1E1588C}"
EndProject
Global
	GlobalSection(SolutionConfigurationPlatforms) = preSolution
		Debug|Any CPU = Debug|Any CPU
		Release|Any CPU = Release|Any CPU
	EndGlobalSection
	GlobalSection(ProjectConfigurationPlatforms) = postSolution
		{000BC981-DD2C-4C30-8697-01DDC1E1588C}.Debug|Any CPU.ActiveCfg = Debug|Any CPU
		{000BC981-DD2C-4C30-8697-01DDC1E1588C}.Debug|Any CPU.Build.0 = Debug|Any CPU
		{000BC981-DD2C-4C30-8697-01DDC1E1588C}.Release|Any CPU.ActiveCfg = Release|Any CPU
		{000BC981-DD2C-4C30-8697-01DDC1E1588C}.Release|Any CPU.Build.0 = Release|Any CPU
	EndGlobalSection
	GlobalSection(SolutionProperties) = preSolution
		HideSolutionNode = FALSE
	EndGlobalSection
	GlobalSection(ExtensibilityGlobals) = postSolution
		SolutionGuid = {EDEE4A49-BADC-49B1-9632-2FEB40EC072F}
	EndGlobalSection
EndGlobal
